{
  "requires": true,
  "lockfileVersion": 1,
  "dependencies": {
    "response-format": {
      "version": "1.2.0",
      "resolved": "https://registry.npmjs.org/response-format/-/response-format-1.2.0.tgz",
      "integrity": "sha512-o0pi4qkruHvkteSwPLIGurxXwFnLvub42eo+V7KyskaocE5mfdZWKBgRsnZPyCuLYq6jWI/FYli1pqISTPKmtg=="
    },
    "underscore": {
      "version": "1.13.1",
      "resolved": "https://registry.npmjs.org/underscore/-/underscore-1.13.1.tgz",
      "integrity": "sha512-hzSoAVtJF+3ZtiFX0VgfFPHEDRm7Y/QPjGyNo4TVdnDTdft3tr8hEkD25a1jC+TjTuE7tkHGKkhwCgs9dgBB2g=="
    }
  }
}
